# This file is autogenerated, do not edit; changes may be undone by the next 'dep ensure'.


[[projects]]
  branch = "master"
  name = "github.com/jcelliott/lumber"
  packages = ["."]
  revision = "dd349441af25132d146d7095c6693a15431fc9b1"

[[projects]]
  name = "github.com/julienschmidt/httprouter"
  packages = ["."]
  revision = "348b672cd90d8190f8240323e372ecd1e66b59dc"
  version = "v1.2.0"

[[projects]]
  branch = "master"
  name = "github.com/nanobox-io/golang-scribble"
  packages = ["."]
  revision = "aa3e7c118975babb5ab3bc2a221b9d5a420b625b"

[solve-meta]
  analyzer-name = "dep"
  analyzer-version = 1
  inputs-digest = "d2b53ebcadfb99f2beddf2efa8293f704ae8a7d787a464f3e6d5ba24500e5ff3"
  solver-name = "gps-cdcl"
  solver-version = 1
